// !$*UTF8*$!
{
	archiveVersion = 1;
	classes = {
	};
	objectVersion = 55;
	objects = {

/* Begin PBXBuildFile section */
		131CEBF527D5EE9B0042A81F /* DM1ViewController.swift in Sources */ = {isa = PBXBuildFile; fileRef = 131CEBF327D5EE9B0042A81F /* DM1ViewController.swift */; };
		131CEBF627D5EE9B0042A81F /* DM1ViewController.xib in Resources */ = {isa = PBXBuildFile; fileRef = 131CEBF427D5EE9B0042A81F /* DM1ViewController.xib */; };
		13457DDF27CDB2A600F782F8 /* AppDelegate.swift in Sources */ = {isa = PBXBuildFile; fileRef = 13457DDE27CDB2A600F782F8 /* AppDelegate.swift */; };
		13457DE927CDB2A600F782F8 /* BTL.xcdatamodeld in Sources */ = {isa = PBXBuildFile; fileRef = 13457DE727CDB2A600F782F8 /* BTL.xcdatamodeld */; };
		13457DEB27CDB2A700F782F8 /* Assets.xcassets in Resources */ = {isa = PBXBuildFile; fileRef = 13457DEA27CDB2A700F782F8 /* Assets.xcassets */; };
		13457DEE27CDB2A700F782F8 /* LaunchScreen.storyboard in Resources */ = {isa = PBXBuildFile; fileRef = 13457DEC27CDB2A700F782F8 /* LaunchScreen.storyboard */; };
		13457DF727CDB38100F782F8 /* trangChuViewController.swift in Sources */ = {isa = PBXBuildFile; fileRef = 13457DF527CDB38100F782F8 /* trangChuViewController.swift */; };
		13457DF827CDB38100F782F8 /* trangChuViewController.xib in Resources */ = {isa = PBXBuildFile; fileRef = 13457DF627CDB38100F782F8 /* trangChuViewController.xib */; };
		13516AAB27D6EE00002D75A1 /* SecondCollectionViewCellDM1.swift in Sources */ = {isa = PBXBuildFile; fileRef = 13516AA927D6EE00002D75A1 /* SecondCollectionViewCellDM1.swift */; };
		13516AAC27D6EE00002D75A1 /* SecondCollectionViewCellDM1.xib in Resources */ = {isa = PBXBuildFile; fileRef = 13516AAA27D6EE00002D75A1 /* SecondCollectionViewCellDM1.xib */; };
		135AD6F327EC33730047D693 /* photoCollectionViewCell.swift in Sources */ = {isa = PBXBuildFile; fileRef = 135AD6F127EC33730047D693 /* photoCollectionViewCell.swift */; };
		135AD6F427EC33730047D693 /* photoCollectionViewCell.xib in Resources */ = {isa = PBXBuildFile; fileRef = 135AD6F227EC33730047D693 /* photoCollectionViewCell.xib */; };
		135AD6F627EC40C90047D693 /* DanhMuc.swift in Sources */ = {isa = PBXBuildFile; fileRef = 135AD6F527EC40C90047D693 /* DanhMuc.swift */; };
		135AD6F827EC57E20047D693 /* ThongBao.swift in Sources */ = {isa = PBXBuildFile; fileRef = 135AD6F727EC57E20047D693 /* ThongBao.swift */; };
		13652A8D27F0227800EFD0C3 /* TabBarViewController.swift in Sources */ = {isa = PBXBuildFile; fileRef = 13652A8C27F0227800EFD0C3 /* TabBarViewController.swift */; };
		139C057027D44BBE007C0B68 /* CollectionViewCellTC2.swift in Sources */ = {isa = PBXBuildFile; fileRef = 139C056E27D44BBE007C0B68 /* CollectionViewCellTC2.swift */; };
		139C057127D44BBE007C0B68 /* CollectionViewCellTC2.xib in Resources */ = {isa = PBXBuildFile; fileRef = 139C056F27D44BBE007C0B68 /* CollectionViewCellTC2.xib */; };
		13A4AE182806FCC000B452ED /* UserDefault.swift in Sources */ = {isa = PBXBuildFile; fileRef = 13A4AE172806FCC000B452ED /* UserDefault.swift */; };
		13E30A5727D83A0700657111 /* optionViewController.swift in Sources */ = {isa = PBXBuildFile; fileRef = 13E30A5527D83A0700657111 /* optionViewController.swift */; };
		13E30A5827D83A0700657111 /* optionViewController.xib in Resources */ = {isa = PBXBuildFile; fileRef = 13E30A5627D83A0700657111 /* optionViewController.xib */; };
		13E30A5B27D846CC00657111 /* HistoryViewController.swift in Sources */ = {isa = PBXBuildFile; fileRef = 13E30A5927D846CC00657111 /* HistoryViewController.swift */; };
		13E30A5C27D846CC00657111 /* HistoryViewController.xib in Resources */ = {isa = PBXBuildFile; fileRef = 13E30A5A27D846CC00657111 /* HistoryViewController.xib */; };
		13E30A6327D849F800657111 /* ReplyViewController.swift in Sources */ = {isa = PBXBuildFile; fileRef = 13E30A6127D849F800657111 /* ReplyViewController.swift */; };
		13E30A6427D849F800657111 /* ReplyViewController.xib in Resources */ = {isa = PBXBuildFile; fileRef = 13E30A6227D849F800657111 /* ReplyViewController.xib */; };
		13EC8B8027E6D7EC00A39AF4 /* SanPham.swift in Sources */ = {isa = PBXBuildFile; fileRef = 13EC8B7F27E6D7EC00A39AF4 /* SanPham.swift */; };
		13EC8B8427E6E42D00A39AF4 /* PopUpViewController.swift in Sources */ = {isa = PBXBuildFile; fileRef = 13EC8B8227E6E42D00A39AF4 /* PopUpViewController.swift */; };
		13EC8B8527E6E42D00A39AF4 /* PopUpViewController.xib in Resources */ = {isa = PBXBuildFile; fileRef = 13EC8B8327E6E42D00A39AF4 /* PopUpViewController.xib */; };
		13FB917927D78E1A00F8B24D /* FirstCollectionViewCell.swift in Sources */ = {isa = PBXBuildFile; fileRef = 13FB917727D78E1A00F8B24D /* FirstCollectionViewCell.swift */; };
		13FB917A27D78E1A00F8B24D /* FirstCollectionViewCell.xib in Resources */ = {isa = PBXBuildFile; fileRef = 13FB917827D78E1A00F8B24D /* FirstCollectionViewCell.xib */; };
		13FB917D27D78FDB00F8B24D /* TKViewController.swift in Sources */ = {isa = PBXBuildFile; fileRef = 13FB917B27D78FDB00F8B24D /* TKViewController.swift */; };
		13FB917E27D78FDB00F8B24D /* TKViewController.xib in Resources */ = {isa = PBXBuildFile; fileRef = 13FB917C27D78FDB00F8B24D /* TKViewController.xib */; };
		13FB918327D7963D00F8B24D /* DetailsViewController.swift in Sources */ = {isa = PBXBuildFile; fileRef = 13FB918127D7963D00F8B24D /* DetailsViewController.swift */; };
		13FB918427D7963D00F8B24D /* DetailsViewController.xib in Resources */ = {isa = PBXBuildFile; fileRef = 13FB918227D7963D00F8B24D /* DetailsViewController.xib */; };
		EA6B06CA938FB811E1F8C1C4 /* Pods_BTL.framework in Frameworks */ = {isa = PBXBuildFile; fileRef = 7A92D6F46184DC773F0215E3 /* Pods_BTL.framework */; };
/* End PBXBuildFile section */

/* Begin PBXFileReference section */
		131CEBF327D5EE9B0042A81F /* DM1ViewController.swift */ = {isa = PBXFileReference; lastKnownFileType = sourcecode.swift; path = DM1ViewController.swift; sourceTree = "<group>"; };
		131CEBF427D5EE9B0042A81F /* DM1ViewController.xib */ = {isa = PBXFileReference; lastKnownFileType = file.xib; path = DM1ViewController.xib; sourceTree = "<group>"; };
		13457DDB27CDB2A600F782F8 /* BTL.app */ = {isa = PBXFileReference; explicitFileType = wrapper.application; includeInIndex = 0; path = BTL.app; sourceTree = BUILT_PRODUCTS_DIR; };
		13457DDE27CDB2A600F782F8 /* AppDelegate.swift */ = {isa = PBXFileReference; lastKnownFileType = sourcecode.swift; path = AppDelegate.swift; sourceTree = "<group>"; };
		13457DE827CDB2A600F782F8 /* BTL.xcdatamodel */ = {isa = PBXFileReference; lastKnownFileType = wrapper.xcdatamodel; path = BTL.xcdatamodel; sourceTree = "<group>"; };
		13457DEA27CDB2A700F782F8 /* Assets.xcassets */ = {isa = PBXFileReference; lastKnownFileType = folder.assetcatalog; path = Assets.xcassets; sourceTree = "<group>"; };
		13457DED27CDB2A700F782F8 /* Base */ = {isa = PBXFileReference; lastKnownFileType = file.storyboard; name = Base; path = Base.lproj/LaunchScreen.storyboard; sourceTree = "<group>"; };
		13457DEF27CDB2A700F782F8 /* Info.plist */ = {isa = PBXFileReference; lastKnownFileType = text.plist.xml; path = Info.plist; sourceTree = "<group>"; };
		13457DF527CDB38100F782F8 /* trangChuViewController.swift */ = {isa = PBXFileReference; lastKnownFileType = sourcecode.swift; path = trangChuViewController.swift; sourceTree = "<group>"; };
		13457DF627CDB38100F782F8 /* trangChuViewController.xib */ = {isa = PBXFileReference; lastKnownFileType = file.xib; path = trangChuViewController.xib; sourceTree = "<group>"; };
		13516AA927D6EE00002D75A1 /* SecondCollectionViewCellDM1.swift */ = {isa = PBXFileReference; lastKnownFileType = sourcecode.swift; path = SecondCollectionViewCellDM1.swift; sourceTree = "<group>"; };
		13516AAA27D6EE00002D75A1 /* SecondCollectionViewCellDM1.xib */ = {isa = PBXFileReference; lastKnownFileType = file.xib; path = SecondCollectionViewCellDM1.xib; sourceTree = "<group>"; };
		135AD6F127EC33730047D693 /* photoCollectionViewCell.swift */ = {isa = PBXFileReference; lastKnownFileType = sourcecode.swift; path = photoCollectionViewCell.swift; sourceTree = "<group>"; };
		135AD6F227EC33730047D693 /* photoCollectionViewCell.xib */ = {isa = PBXFileReference; lastKnownFileType = file.xib; path = photoCollectionViewCell.xib; sourceTree = "<group>"; };
		135AD6F527EC40C90047D693 /* DanhMuc.swift */ = {isa = PBXFileReference; lastKnownFileType = sourcecode.swift; path = DanhMuc.swift; sourceTree = "<group>"; };
		135AD6F727EC57E20047D693 /* ThongBao.swift */ = {isa = PBXFileReference; lastKnownFileType = sourcecode.swift; path = ThongBao.swift; sourceTree = "<group>"; };
		13652A8C27F0227800EFD0C3 /* TabBarViewController.swift */ = {isa = PBXFileReference; lastKnownFileType = sourcecode.swift; path = TabBarViewController.swift; sourceTree = "<group>"; };
		139C056E27D44BBE007C0B68 /* CollectionViewCellTC2.swift */ = {isa = PBXFileReference; lastKnownFileType = sourcecode.swift; path = CollectionViewCellTC2.swift; sourceTree = "<group>"; };
		139C056F27D44BBE007C0B68 /* CollectionViewCellTC2.xib */ = {isa = PBXFileReference; lastKnownFileType = file.xib; path = CollectionViewCellTC2.xib; sourceTree = "<group>"; };
		13A4AE172806FCC000B452ED /* UserDefault.swift */ = {isa = PBXFileReference; lastKnownFileType = sourcecode.swift; path = UserDefault.swift; sourceTree = "<group>"; };
		13E30A5527D83A0700657111 /* optionViewController.swift */ = {isa = PBXFileReference; lastKnownFileType = sourcecode.swift; path = optionViewController.swift; sourceTree = "<group>"; };
		13E30A5627D83A0700657111 /* optionViewController.xib */ = {isa = PBXFileReference; lastKnownFileType = file.xib; path = optionViewController.xib; sourceTree = "<group>"; };
		13E30A5927D846CC00657111 /* HistoryViewController.swift */ = {isa = PBXFileReference; lastKnownFileType = sourcecode.swift; path = HistoryViewController.swift; sourceTree = "<group>"; };
		13E30A5A27D846CC00657111 /* HistoryViewController.xib */ = {isa = PBXFileReference; lastKnownFileType = file.xib; path = HistoryViewController.xib; sourceTree = "<group>"; };
		13E30A6127D849F800657111 /* ReplyViewController.swift */ = {isa = PBXFileReference; lastKnownFileType = sourcecode.swift; path = ReplyViewController.swift; sourceTree = "<group>"; };
		13E30A6227D849F800657111 /* ReplyViewController.xib */ = {isa = PBXFileReference; lastKnownFileType = file.xib; path = ReplyViewController.xib; sourceTree = "<group>"; };
		13EC8B7F27E6D7EC00A39AF4 /* SanPham.swift */ = {isa = PBXFileReference; lastKnownFileType = sourcecode.swift; path = SanPham.swift; sourceTree = "<group>"; };
		13EC8B8227E6E42D00A39AF4 /* PopUpViewController.swift */ = {isa = PBXFileReference; lastKnownFileType = sourcecode.swift; path = PopUpViewController.swift; sourceTree = "<group>"; };
		13EC8B8327E6E42D00A39AF4 /* PopUpViewController.xib */ = {isa = PBXFileReference; lastKnownFileType = file.xib; path = PopUpViewController.xib; sourceTree = "<group>"; };
		13FB917727D78E1A00F8B24D /* FirstCollectionViewCell.swift */ = {isa = PBXFileReference; lastKnownFileType = sourcecode.swift; path = FirstCollectionViewCell.swift; sourceTree = "<group>"; };
		13FB917827D78E1A00F8B24D /* FirstCollectionViewCell.xib */ = {isa = PBXFileReference; lastKnownFileType = file.xib; path = FirstCollectionViewCell.xib; sourceTree = "<group>"; };
		13FB917B27D78FDB00F8B24D /* TKViewController.swift */ = {isa = PBXFileReference; lastKnownFileType = sourcecode.swift; path = TKViewController.swift; sourceTree = "<group>"; };
		13FB917C27D78FDB00F8B24D /* TKViewController.xib */ = {isa = PBXFileReference; lastKnownFileType = file.xib; path = TKViewController.xib; sourceTree = "<group>"; };
		13FB918127D7963D00F8B24D /* DetailsViewController.swift */ = {isa = PBXFileReference; lastKnownFileType = sourcecode.swift; path = DetailsViewController.swift; sourceTree = "<group>"; };
		13FB918227D7963D00F8B24D /* DetailsViewController.xib */ = {isa = PBXFileReference; lastKnownFileType = file.xib; path = DetailsViewController.xib; sourceTree = "<group>"; };
		7A92D6F46184DC773F0215E3 /* Pods_BTL.framework */ = {isa = PBXFileReference; explicitFileType = wrapper.framework; includeInIndex = 0; path = Pods_BTL.framework; sourceTree = BUILT_PRODUCTS_DIR; };
		AA1F3D62FBC460CE54A7CD92 /* Pods-BTL.release.xcconfig */ = {isa = PBXFileReference; includeInIndex = 1; lastKnownFileType = text.xcconfig; name = "Pods-BTL.release.xcconfig"; path = "Target Support Files/Pods-BTL/Pods-BTL.release.xcconfig"; sourceTree = "<group>"; };
		B29357B7DA456D433AACD2C3 /* Pods-BTL.debug.xcconfig */ = {isa = PBXFileReference; includeInIndex = 1; lastKnownFileType = text.xcconfig; name = "Pods-BTL.debug.xcconfig"; path = "Target Support Files/Pods-BTL/Pods-BTL.debug.xcconfig"; sourceTree = "<group>"; };
/* End PBXFileReference section */

/* Begin PBXFrameworksBuildPhase section */
		13457DD827CDB2A600F782F8 /* Frameworks */ = {
			isa = PBXFrameworksBuildPhase;
			buildActionMask = 2147483647;
			files = (
				EA6B06CA938FB811E1F8C1C4 /* Pods_BTL.framework in Frameworks */,
			);
			runOnlyForDeploymentPostprocessing = 0;
		};
/* End PBXFrameworksBuildPhase section */

/* Begin PBXGroup section */
		08F980C691D14EC33CF03AFA /* Frameworks */ = {
			isa = PBXGroup;
			children = (
				7A92D6F46184DC773F0215E3 /* Pods_BTL.framework */,
			);
			name = Frameworks;
			sourceTree = "<group>";
		};
		13457DD227CDB2A600F782F8 = {
			isa = PBXGroup;
			children = (
				13457DDD27CDB2A600F782F8 /* BTL */,
				13457DDC27CDB2A600F782F8 /* Products */,
				5666616902F8E69784C5C731 /* Pods */,
				08F980C691D14EC33CF03AFA /* Frameworks */,
			);
			sourceTree = "<group>";
		};
		13457DDC27CDB2A600F782F8 /* Products */ = {
			isa = PBXGroup;
			children = (
				13457DDB27CDB2A600F782F8 /* BTL.app */,
			);
			name = Products;
			sourceTree = "<group>";
		};
		13457DDD27CDB2A600F782F8 /* BTL */ = {
			isa = PBXGroup;
			children = (
				13652A8B27F0223D00EFD0C3 /* TabBar */,
				13457DEF27CDB2A700F782F8 /* Info.plist */,
				13457DDE27CDB2A600F782F8 /* AppDelegate.swift */,
				137EEB4727D4FBAE00EA3E83 /* TrangChu */,
				13516AAF27D6F0C7002D75A1 /* DanhMuc1 */,
				13EC8B8127E6E3F800A39AF4 /* POPUP */,
				13FB918027D7947C00F8B24D /* TimKiem */,
				13FB918527D7965600F8B24D /* Details */,
				13E30A5427D837C100657111 /* Option */,
				13457DEA27CDB2A700F782F8 /* Assets.xcassets */,
				13457DEC27CDB2A700F782F8 /* LaunchScreen.storyboard */,
				13457DE727CDB2A600F782F8 /* BTL.xcdatamodeld */,
			);
			path = BTL;
			sourceTree = "<group>";
		};
		13516AAF27D6F0C7002D75A1 /* DanhMuc1 */ = {
			isa = PBXGroup;
			children = (
				131CEBF327D5EE9B0042A81F /* DM1ViewController.swift */,
				131CEBF427D5EE9B0042A81F /* DM1ViewController.xib */,
				13FB917727D78E1A00F8B24D /* FirstCollectionViewCell.swift */,
				13FB917827D78E1A00F8B24D /* FirstCollectionViewCell.xib */,
				13516AA927D6EE00002D75A1 /* SecondCollectionViewCellDM1.swift */,
				13516AAA27D6EE00002D75A1 /* SecondCollectionViewCellDM1.xib */,
				13EC8B7F27E6D7EC00A39AF4 /* SanPham.swift */,
			);
			path = DanhMuc1;
			sourceTree = "<group>";
		};
		13652A8B27F0223D00EFD0C3 /* TabBar */ = {
			isa = PBXGroup;
			children = (
				13652A8C27F0227800EFD0C3 /* TabBarViewController.swift */,
			);
			path = TabBar;
			sourceTree = "<group>";
		};
		137EEB4727D4FBAE00EA3E83 /* TrangChu */ = {
			isa = PBXGroup;
			children = (
				13457DF527CDB38100F782F8 /* trangChuViewController.swift */,
				13457DF627CDB38100F782F8 /* trangChuViewController.xib */,
				139C056E27D44BBE007C0B68 /* CollectionViewCellTC2.swift */,
				139C056F27D44BBE007C0B68 /* CollectionViewCellTC2.xib */,
				135AD6F527EC40C90047D693 /* DanhMuc.swift */,
				135AD6F727EC57E20047D693 /* ThongBao.swift */,
			);
			path = TrangChu;
			sourceTree = "<group>";
		};
		13E30A5427D837C100657111 /* Option */ = {
			isa = PBXGroup;
			children = (
				13E30A5527D83A0700657111 /* optionViewController.swift */,
				13E30A5627D83A0700657111 /* optionViewController.xib */,
				13E30A5927D846CC00657111 /* HistoryViewController.swift */,
				13E30A5A27D846CC00657111 /* HistoryViewController.xib */,
				13E30A6127D849F800657111 /* ReplyViewController.swift */,
				13E30A6227D849F800657111 /* ReplyViewController.xib */,
				13A4AE172806FCC000B452ED /* UserDefault.swift */,
			);
			path = Option;
			sourceTree = "<group>";
		};
		13EC8B8127E6E3F800A39AF4 /* POPUP */ = {
			isa = PBXGroup;
			children = (
				13EC8B8227E6E42D00A39AF4 /* PopUpViewController.swift */,
				13EC8B8327E6E42D00A39AF4 /* PopUpViewController.xib */,
			);
			path = POPUP;
			sourceTree = "<group>";
		};
		13FB918027D7947C00F8B24D /* TimKiem */ = {
			isa = PBXGroup;
			children = (
				13FB917B27D78FDB00F8B24D /* TKViewController.swift */,
				13FB917C27D78FDB00F8B24D /* TKViewController.xib */,
			);
			path = TimKiem;
			sourceTree = "<group>";
		};
		13FB918527D7965600F8B24D /* Details */ = {
			isa = PBXGroup;
			children = (
				13FB918127D7963D00F8B24D /* DetailsViewController.swift */,
				13FB918227D7963D00F8B24D /* DetailsViewController.xib */,
				135AD6F127EC33730047D693 /* photoCollectionViewCell.swift */,
				135AD6F227EC33730047D693 /* photoCollectionViewCell.xib */,
			);
			path = Details;
			sourceTree = "<group>";
		};
		5666616902F8E69784C5C731 /* Pods */ = {
			isa = PBXGroup;
			children = (
				B29357B7DA456D433AACD2C3 /* Pods-BTL.debug.xcconfig */,
				AA1F3D62FBC460CE54A7CD92 /* Pods-BTL.release.xcconfig */,
			);
			path = Pods;
			sourceTree = "<group>";
		};
/* End PBXGroup section */

/* Begin PBXNativeTarget section */
		13457DDA27CDB2A600F782F8 /* BTL */ = {
			isa = PBXNativeTarget;
			buildConfigurationList = 13457DF227CDB2A700F782F8 /* Build configuration list for PBXNativeTarget "BTL" */;
			buildPhases = (
				397D9570A0000FFCD7A081D3 /* [CP] Check Pods Manifest.lock */,
				13457DD727CDB2A600F782F8 /* Sources */,
				13457DD827CDB2A600F782F8 /* Frameworks */,
				13457DD927CDB2A600F782F8 /* Resources */,
				868D1CB0027295BC1D6B3370 /* [CP] Embed Pods Frameworks */,
			);
			buildRules = (
			);
			dependencies = (
			);
			name = BTL;
			productName = BTL;
			productReference = 13457DDB27CDB2A600F782F8 /* BTL.app */;
			productType = "com.apple.product-type.application";
		};
/* End PBXNativeTarget section */

/* Begin PBXProject section */
		13457DD327CDB2A600F782F8 /* Project object */ = {
			isa = PBXProject;
			attributes = {
				BuildIndependentTargetsInParallel = 1;
				LastSwiftUpdateCheck = 1320;
				LastUpgradeCheck = 1320;
				TargetAttributes = {
					13457DDA27CDB2A600F782F8 = {
						CreatedOnToolsVersion = 13.2.1;
					};
				};
			};
			buildConfigurationList = 13457DD627CDB2A600F782F8 /* Build configuration list for PBXProject "BTL" */;
			compatibilityVersion = "Xcode 13.0";
			developmentRegion = en;
			hasScannedForEncodings = 0;
			knownRegions = (
				en,
				Base,
			);
			mainGroup = 13457DD227CDB2A600F782F8;
			productRefGroup = 13457DDC27CDB2A600F782F8 /* Products */;
			projectDirPath = "";
			projectRoot = "";
			targets = (
				13457DDA27CDB2A600F782F8 /* BTL */,
			);
		};
/* End PBXProject section */

/* Begin PBXResourcesBuildPhase section */
		13457DD927CDB2A600F782F8 /* Resources */ = {
			isa = PBXResourcesBuildPhase;
			buildActionMask = 2147483647;
			files = (
				139C057127D44BBE007C0B68 /* CollectionViewCellTC2.xib in Resources */,
				131CEBF627D5EE9B0042A81F /* DM1ViewController.xib in Resources */,
				13457DEE27CDB2A700F782F8 /* LaunchScreen.storyboard in Resources */,
				135AD6F427EC33730047D693 /* photoCollectionViewCell.xib in Resources */,
				13E30A6427D849F800657111 /* ReplyViewController.xib in Resources */,
				13FB917E27D78FDB00F8B24D /* TKViewController.xib in Resources */,
				13FB917A27D78E1A00F8B24D /* FirstCollectionViewCell.xib in Resources */,
				13E30A5C27D846CC00657111 /* HistoryViewController.xib in Resources */,
				13516AAC27D6EE00002D75A1 /* SecondCollectionViewCellDM1.xib in Resources */,
				13457DEB27CDB2A700F782F8 /* Assets.xcassets in Resources */,
				13E30A5827D83A0700657111 /* optionViewController.xib in Resources */,
				13457DF827CDB38100F782F8 /* trangChuViewController.xib in Resources */,
				13EC8B8527E6E42D00A39AF4 /* PopUpViewController.xib in Resources */,
				13FB918427D7963D00F8B24D /* DetailsViewController.xib in Resources */,
			);
			runOnlyForDeploymentPostprocessing = 0;
		};
/* End PBXResourcesBuildPhase section */

/* Begin PBXShellScriptBuildPhase section */
		397D9570A0000FFCD7A081D3 /* [CP] Check Pods Manifest.lock */ = {
			isa = PBXShellScriptBuildPhase;
			buildActionMask = 2147483647;
			files = (
			);
			inputFileListPaths = (
			);
			inputPaths = (
				"${PODS_PODFILE_DIR_PATH}/Podfile.lock",
				"${PODS_ROOT}/Manifest.lock",
			);
			name = "[CP] Check Pods Manifest.lock";
			outputFileListPaths = (
			);
			outputPaths = (
				"$(DERIVED_FILE_DIR)/Pods-BTL-checkManifestLockResult.txt",
			);
			runOnlyForDeploymentPostprocessing = 0;
			shellPath = /bin/sh;
			shellScript = "diff \"${PODS_PODFILE_DIR_PATH}/Podfile.lock\" \"${PODS_ROOT}/Manifest.lock\" > /dev/null\nif [ $? != 0 ] ; then\n    # print error to STDERR\n    echo \"error: The sandbox is not in sync with the Podfile.lock. Run 'pod install' or update your CocoaPods installation.\" >&2\n    exit 1\nfi\n# This output is used by Xcode 'outputs' to avoid re-running this script phase.\necho \"SUCCESS\" > \"${SCRIPT_OUTPUT_FILE_0}\"\n";
			showEnvVarsInLog = 0;
		};
		868D1CB0027295BC1D6B3370 /* [CP] Embed Pods Frameworks */ = {
			isa = PBXShellScriptBuildPhase;
			buildActionMask = 2147483647;
			files = (
			);
			inputFileListPaths = (
				"${PODS_ROOT}/Target Support Files/Pods-BTL/Pods-BTL-frameworks-${CONFIGURATION}-input-files.xcfilelist",
			);
			name = "[CP] Embed Pods Frameworks";
			outputFileListPaths = (
				"${PODS_ROOT}/Target Support Files/Pods-BTL/Pods-BTL-frameworks-${CONFIGURATION}-output-files.xcfilelist",
			);
			runOnlyForDeploymentPostprocessing = 0;
			shellPath = /bin/sh;
			shellScript = "\"${PODS_ROOT}/Target Support Files/Pods-BTL/Pods-BTL-frameworks.sh\"\n";
			showEnvVarsInLog = 0;
		};
/* End PBXShellScriptBuildPhase section */

/* Begin PBXSourcesBuildPhase section */
		13457DD727CDB2A600F782F8 /* Sources */ = {
			isa = PBXSourcesBuildPhase;
			buildActionMask = 2147483647;
			files = (
				13FB917927D78E1A00F8B24D /* FirstCollectionViewCell.swift in Sources */,
				139C057027D44BBE007C0B68 /* CollectionViewCellTC2.swift in Sources */,
				13FB918327D7963D00F8B24D /* DetailsViewController.swift in Sources */,
				13E30A6327D849F800657111 /* ReplyViewController.swift in Sources */,
				13516AAB27D6EE00002D75A1 /* SecondCollectionViewCellDM1.swift in Sources */,
				13457DDF27CDB2A600F782F8 /* AppDelegate.swift in Sources */,
				13E30A5B27D846CC00657111 /* HistoryViewController.swift in Sources */,
				13457DE927CDB2A600F782F8 /* BTL.xcdatamodeld in Sources */,
				135AD6F827EC57E20047D693 /* ThongBao.swift in Sources */,
				135AD6F327EC33730047D693 /* photoCollectionViewCell.swift in Sources */,
				131CEBF527D5EE9B0042A81F /* DM1ViewController.swift in Sources */,
				13EC8B8427E6E42D00A39AF4 /* PopUpViewController.swift in Sources */,
				13652A8D27F0227800EFD0C3 /* TabBarViewController.swift in Sources */,
				13EC8B8027E6D7EC00A39AF4 /* SanPham.swift in Sources */,
				13E30A5727D83A0700657111 /* optionViewController.swift in Sources */,
				135AD6F627EC40C90047D693 /* DanhMuc.swift in Sources */,
				13A4AE182806FCC000B452ED /* UserDefault.swift in Sources */,
				13457DF727CDB38100F782F8 /* trangChuViewController.swift in Sources */,
				13FB917D27D78FDB00F8B24D /* TKViewController.swift in Sources */,
			);
			runOnlyForDeploymentPostprocessing = 0;
		};
/* End PBXSourcesBuildPhase section */

/* Begin PBXVariantGroup section */
		13457DEC27CDB2A700F782F8 /* LaunchScreen.storyboard */ = {
			isa = PBXVariantGroup;
			children = (
				13457DED27CDB2A700F782F8 /* Base */,
			);
			name = LaunchScreen.storyboard;
			sourceTree = "<group>";
		};
/* End PBXVariantGroup section */

/* Begin XCBuildConfiguration section */
		13457DF027CDB2A700F782F8 /* Debug */ = {
			isa = XCBuildConfiguration;
			buildSettings = {
				ALWAYS_SEARCH_USER_PATHS = NO;
				CLANG_ANALYZER_NONNULL = YES;
				CLANG_ANALYZER_NUMBER_OBJECT_CONVERSION = YES_AGGRESSIVE;
				CLANG_CXX_LANGUAGE_STANDARD = "gnu++17";
				CLANG_CXX_LIBRARY = "libc++";
				CLANG_ENABLE_MODULES = YES;
				CLANG_ENABLE_OBJC_ARC = YES;
				CLANG_ENABLE_OBJC_WEAK = YES;
				CLANG_WARN_BLOCK_CAPTURE_AUTORELEASING = YES;
				CLANG_WARN_BOOL_CONVERSION = YES;
				CLANG_WARN_COMMA = YES;
				CLANG_WARN_CONSTANT_CONVERSION = YES;
				CLANG_WARN_DEPRECATED_OBJC_IMPLEMENTATIONS = YES;
				CLANG_WARN_DIRECT_OBJC_ISA_USAGE = YES_ERROR;
				CLANG_WARN_DOCUMENTATION_COMMENTS = YES;
				CLANG_WARN_EMPTY_BODY = YES;
				CLANG_WARN_ENUM_CONVERSION = YES;
				CLANG_WARN_INFINITE_RECURSION = YES;
				CLANG_WARN_INT_CONVERSION = YES;
				CLANG_WARN_NON_LITERAL_NULL_CONVERSION = YES;
				CLANG_WARN_OBJC_IMPLICIT_RETAIN_SELF = YES;
				CLANG_WARN_OBJC_LITERAL_CONVERSION = YES;
				CLANG_WARN_OBJC_ROOT_CLASS = YES_ERROR;
				CLANG_WARN_QUOTED_INCLUDE_IN_FRAMEWORK_HEADER = YES;
				CLANG_WARN_RANGE_LOOP_ANALYSIS = YES;
				CLANG_WARN_STRICT_PROTOTYPES = YES;
				CLANG_WARN_SUSPICIOUS_MOVE = YES;
				CLANG_WARN_UNGUARDED_AVAILABILITY = YES_AGGRESSIVE;
				CLANG_WARN_UNREACHABLE_CODE = YES;
				CLANG_WARN__DUPLICATE_METHOD_MATCH = YES;
				COPY_PHASE_STRIP = NO;
				DEBUG_INFORMATION_FORMAT = dwarf;
				ENABLE_STRICT_OBJC_MSGSEND = YES;
				ENABLE_TESTABILITY = YES;
				GCC_C_LANGUAGE_STANDARD = gnu11;
				GCC_DYNAMIC_NO_PIC = NO;
				GCC_NO_COMMON_BLOCKS = YES;
				GCC_OPTIMIZATION_LEVEL = 0;
				GCC_PREPROCESSOR_DEFINITIONS = (
					"DEBUG=1",
					"$(inherited)",
				);
				GCC_WARN_64_TO_32_BIT_CONVERSION = YES;
				GCC_WARN_ABOUT_RETURN_TYPE = YES_ERROR;
				GCC_WARN_UNDECLARED_SELECTOR = YES;
				GCC_WARN_UNINITIALIZED_AUTOS = YES_AGGRESSIVE;
				GCC_WARN_UNUSED_FUNCTION = YES;
				GCC_WARN_UNUSED_VARIABLE = YES;
				IPHONEOS_DEPLOYMENT_TARGET = 15.2;
				MTL_ENABLE_DEBUG_INFO = INCLUDE_SOURCE;
				MTL_FAST_MATH = YES;
				ONLY_ACTIVE_ARCH = YES;
				SDKROOT = iphoneos;
				SWIFT_ACTIVE_COMPILATION_CONDITIONS = DEBUG;
				SWIFT_OPTIMIZATION_LEVEL = "-Onone";
			};
			name = Debug;
		};
		13457DF127CDB2A700F782F8 /* Release */ = {
			isa = XCBuildConfiguration;
			buildSettings = {
				ALWAYS_SEARCH_USER_PATHS = NO;
				CLANG_ANALYZER_NONNULL = YES;
				CLANG_ANALYZER_NUMBER_OBJECT_CONVERSION = YES_AGGRESSIVE;
				CLANG_CXX_LANGUAGE_STANDARD = "gnu++17";
				CLANG_CXX_LIBRARY = "libc++";
				CLANG_ENABLE_MODULES = YES;
				CLANG_ENABLE_OBJC_ARC = YES;
				CLANG_ENABLE_OBJC_WEAK = YES;
				CLANG_WARN_BLOCK_CAPTURE_AUTORELEASING = YES;
				CLANG_WARN_BOOL_CONVERSION = YES;
				CLANG_WARN_COMMA = YES;
				CLANG_WARN_CONSTANT_CONVERSION = YES;
				CLANG_WARN_DEPRECATED_OBJC_IMPLEMENTATIONS = YES;
				CLANG_WARN_DIRECT_OBJC_ISA_USAGE = YES_ERROR;
				CLANG_WARN_DOCUMENTATION_COMMENTS = YES;
				CLANG_WARN_EMPTY_BODY = YES;
				CLANG_WARN_ENUM_CONVERSION = YES;
				CLANG_WARN_INFINITE_RECURSION = YES;
				CLANG_WARN_INT_CONVERSION = YES;
				CLANG_WARN_NON_LITERAL_NULL_CONVERSION = YES;
				CLANG_WARN_OBJC_IMPLICIT_RETAIN_SELF = YES;
				CLANG_WARN_OBJC_LITERAL_CONVERSION = YES;
				CLANG_WARN_OBJC_ROOT_CLASS = YES_ERROR;
				CLANG_WARN_QUOTED_INCLUDE_IN_FRAMEWORK_HEADER = YES;
				CLANG_WARN_RANGE_LOOP_ANALYSIS = YES;
				CLANG_WARN_STRICT_PROTOTYPES = YES;
				CLANG_WARN_SUSPICIOUS_MOVE = YES;
				CLANG_WARN_UNGUARDED_AVAILABILITY = YES_AGGRESSIVE;
				CLANG_WARN_UNREACHABLE_CODE = YES;
				CLANG_WARN__DUPLICATE_METHOD_MATCH = YES;
				COPY_PHASE_STRIP = NO;
				DEBUG_INFORMATION_FORMAT = "dwarf-with-dsym";
				ENABLE_NS_ASSERTIONS = NO;
				ENABLE_STRICT_OBJC_MSGSEND = YES;
				GCC_C_LANGUAGE_STANDARD = gnu11;
				GCC_NO_COMMON_BLOCKS = YES;
				GCC_WARN_64_TO_32_BIT_CONVERSION = YES;
				GCC_WARN_ABOUT_RETURN_TYPE = YES_ERROR;
				GCC_WARN_UNDECLARED_SELECTOR = YES;
				GCC_WARN_UNINITIALIZED_AUTOS = YES_AGGRESSIVE;
				GCC_WARN_UNUSED_FUNCTION = YES;
				GCC_WARN_UNUSED_VARIABLE = YES;
				IPHONEOS_DEPLOYMENT_TARGET = 15.2;
				MTL_ENABLE_DEBUG_INFO = NO;
				MTL_FAST_MATH = YES;
				SDKROOT = iphoneos;
				SWIFT_COMPILATION_MODE = wholemodule;
				SWIFT_OPTIMIZATION_LEVEL = "-O";
				VALIDATE_PRODUCT = YES;
			};
			name = Release;
		};
		13457DF327CDB2A700F782F8 /* Debug */ = {
			isa = XCBuildConfiguration;
			baseConfigurationReference = B29357B7DA456D433AACD2C3 /* Pods-BTL.debug.xcconfig */;
			buildSettings = {
				ASSETCATALOG_COMPILER_APPICON_NAME = AppIcon;
				ASSETCATALOG_COMPILER_GLOBAL_ACCENT_COLOR_NAME = AccentColor;
				CODE_SIGN_STYLE = Automatic;
				CURRENT_PROJECT_VERSION = 1;
				GENERATE_INFOPLIST_FILE = YES;
				INFOPLIST_FILE = BTL/Info.plist;
				INFOPLIST_KEY_UIApplicationSupportsIndirectInputEvents = YES;
				INFOPLIST_KEY_UILaunchStoryboardName = LaunchScreen;
				INFOPLIST_KEY_UISupportedInterfaceOrientations_iPad = "UIInterfaceOrientationPortrait UIInterfaceOrientationPortraitUpsideDown UIInterfaceOrientationLandscapeLeft UIInterfaceOrientationLandscapeRight";
				INFOPLIST_KEY_UISupportedInterfaceOrientations_iPhone = "UIInterfaceOrientationPortrait UIInterfaceOrientationLandscapeLeft UIInterfaceOrientationLandscapeRight";
				LD_RUNPATH_SEARCH_PATHS = (
					"$(inherited)",
					"@executable_path/Frameworks",
				);
				MARKETING_VERSION = 1.0;
				PRODUCT_BUNDLE_IDENTIFIER = BaoToan.BTL;
				PRODUCT_NAME = "$(TARGET_NAME)";
				SWIFT_EMIT_LOC_STRINGS = YES;
				SWIFT_VERSION = 5.0;
				TARGETED_DEVICE_FAMILY = "1,2";
			};
			name = Debug;
		};
		13457DF427CDB2A700F782F8 /* Release */ = {
			isa = XCBuildConfiguration;
			baseConfigurationReference = AA1F3D62FBC460CE54A7CD92 /* Pods-BTL.release.xcconfig */;
			buildSettings = {
				ASSETCATALOG_COMPILER_APPICON_NAME = AppIcon;
				ASSETCATALOG_COMPILER_GLOBAL_ACCENT_COLOR_NAME = AccentColor;
				CODE_SIGN_STYLE = Automatic;
				CURRENT_PROJECT_VERSION = 1;
				GENERATE_INFOPLIST_FILE = YES;
				INFOPLIST_FILE = BTL/Info.plist;
				INFOPLIST_KEY_UIApplicationSupportsIndirectInputEvents = YES;
				INFOPLIST_KEY_UILaunchStoryboardName = LaunchScreen;
				INFOPLIST_KEY_UISupportedInterfaceOrientations_iPad = "UIInterfaceOrientationPortrait UIInterfaceOrientationPortraitUpsideDown UIInterfaceOrientationLandscapeLeft UIInterfaceOrientationLandscapeRight";
				INFOPLIST_KEY_UISupportedInterfaceOrientations_iPhone = "UIInterfaceOrientationPortrait UIInterfaceOrientationLandscapeLeft UIInterfaceOrientationLandscapeRight";
				LD_RUNPATH_SEARCH_PATHS = (
					"$(inherited)",
					"@executable_path/Frameworks",
				);
				MARKETING_VERSION = 1.0;
				PRODUCT_BUNDLE_IDENTIFIER = BaoToan.BTL;
				PRODUCT_NAME = "$(TARGET_NAME)";
				SWIFT_EMIT_LOC_STRINGS = YES;
				SWIFT_VERSION = 5.0;
				TARGETED_DEVICE_FAMILY = "1,2";
			};
			name = Release;
		};
/* End XCBuildConfiguration section */

/* Begin XCConfigurationList section */
		13457DD627CDB2A600F782F8 /* Build configuration list for PBXProject "BTL" */ = {
			isa = XCConfigurationList;
			buildConfigurations = (
				13457DF027CDB2A700F782F8 /* Debug */,
				13457DF127CDB2A700F782F8 /* Release */,
			);
			defaultConfigurationIsVisible = 0;
			defaultConfigurationName = Release;
		};
		13457DF227CDB2A700F782F8 /* Build configuration list for PBXNativeTarget "BTL" */ = {
			isa = XCConfigurationList;
			buildConfigurations = (
				13457DF327CDB2A700F782F8 /* Debug */,
				13457DF427CDB2A700F782F8 /* Release */,
			);
			defaultConfigurationIsVisible = 0;
			defaultConfigurationName = Release;
		};
/* End XCConfigurationList section */

/* Begin XCVersionGroup section */
		13457DE727CDB2A600F782F8 /* BTL.xcdatamodeld */ = {
			isa = XCVersionGroup;
			children = (
				13457DE827CDB2A600F782F8 /* BTL.xcdatamodel */,
			);
			currentVersion = 13457DE827CDB2A600F782F8 /* BTL.xcdatamodel */;
			path = BTL.xcdatamodeld;
			sourceTree = "<group>";
			versionGroupType = wrapper.xcdatamodel;
		};
/* End XCVersionGroup section */
	};
	rootObject = 13457DD327CDB2A600F782F8 /* Project object */;
}
